
Microsoft Visual Studio Solution File, Format Version 12.00
# Visual Studio Version 17
VisualStudioVersion = 17.4.33205.214
MinimumVisualStudioVersion = 10.0.40219.1
Project("{9A19103F-16F7-4668-BE54-9A1E7A4F7556}") = "Blog", "Blog\Blog.csproj", "{8D082D94-A8A9-4FBF-A2DB-14F612B2A412}"
EndProject
Project("{FAE04EC0-301F-11D3-BF4B-00C04F79EFBC}") = "TranslatorApp", "TranslatorApp\TranslatorApp.csproj", "{5E001BE0-4A16-4F11-BF6C-CFBE3C86B28F}"
EndProject
Global
	GlobalSection(SolutionConfigurationPlatforms) = preSolution
		Debug|Any CPU = Debug|Any CPU
		Release|Any CPU = Release|Any CPU
	EndGlobalSection
	GlobalSection(ProjectConfigurationPlatforms) = postSolution
		{8D082D94-A8A9-4FBF-A2DB-14F612B2A412}.Debug|Any CPU.ActiveCfg = Debug|Any CPU
		{8D082D94-A8A9-4FBF-A2DB-14F612B2A412}.Debug|Any CPU.Build.0 = Debug|Any CPU
		{8D082D94-A8A9-4FBF-A2DB-14F612B2A412}.Release|Any CPU.ActiveCfg = Release|Any CPU
		{8D082D94-A8A9-4FBF-A2DB-14F612B2A412}.Release|Any CPU.Build.0 = Release|Any CPU
		{5E001BE0-4A16-4F11-BF6C-CFBE3C86B28F}.Debug|Any CPU.ActiveCfg = Debug|Any CPU
		{5E001BE0-4A16-4F11-BF6C-CFBE3C86B28F}.Debug|Any CPU.Build.0 = Debug|Any CPU
		{5E001BE0-4A16-4F11-BF6C-CFBE3C86B28F}.Release|Any CPU.ActiveCfg = Release|Any CPU
		{5E001BE0-4A16-4F11-BF6C-CFBE3C86B28F}.Release|Any CPU.Build.0 = Release|Any CPU
	EndGlobalSection
	GlobalSection(SolutionProperties) = preSolution
		HideSolutionNode = FALSE
	EndGlobalSection
	GlobalSection(ExtensibilityGlobals) = postSolution
		SolutionGuid = {7869306D-38BB-429F-B6BD-AAE5751F6EFA}
	EndGlobalSection
EndGlobal
